
Microsoft Visual Studio Solution File, Format Version 12.00
# Visual Studio 15
VisualStudioVersion = 15.0.28307.271
MinimumVisualStudioVersion = 10.0.40219.1
Project("{FAE04EC0-301F-11D3-BF4B-00C04F79EFBC}") = "AnimalesWS", "AnimalesWS\AnimalesWS.csproj", "{05DC5D2F-5E08-49A4-980B-82DF1F948BF1}"
EndProject
Global
	GlobalSection(SolutionConfigurationPlatforms) = preSolution
		Debug|Any CPU = Debug|Any CPU
		Release|Any CPU = Release|Any CPU
	EndGlobalSection
	GlobalSection(ProjectConfigurationPlatforms) = postSolution
		{05DC5D2F-5E08-49A4-980B-82DF1F948BF1}.Debug|Any CPU.ActiveCfg = Debug|Any CPU
		{05DC5D2F-5E08-49A4-980B-82DF1F948BF1}.Debug|Any CPU.Build.0 = Debug|Any CPU
		{05DC5D2F-5E08-49A4-980B-82DF1F948BF1}.Release|Any CPU.ActiveCfg = Release|Any CPU
		{05DC5D2F-5E08-49A4-980B-82DF1F948BF1}.Release|Any CPU.Build.0 = Release|Any CPU
	EndGlobalSection
	GlobalSection(SolutionProperties) = preSolution
		HideSolutionNode = FALSE
	EndGlobalSection
	GlobalSection(ExtensibilityGlobals) = postSolution
		SolutionGuid = {9F2B812A-33D4-44FE-BB5E-822D88D0615B}
	EndGlobalSection
EndGlobal
